
Microsoft Visual Studio Solution File, Format Version 12.00
# Visual Studio Version 17
VisualStudioVersion = 17.11.35327.3
MinimumVisualStudioVersion = 10.0.40219.1
Project("{FAE04EC0-301F-11D3-BF4B-00C04F79EFBC}") = "Mitarbeiterverwaltung", "Mitarbeiterverwaltung.csproj", "{C541C9E3-A733-4FE6-B2A5-927CD48A791E}"
EndProject
Global
	GlobalSection(SolutionConfigurationPlatforms) = preSolution
		Debug|Any CPU = Debug|Any CPU
		Release|Any CPU = Release|Any CPU
	EndGlobalSection
	GlobalSection(ProjectConfigurationPlatforms) = postSolution
		{C541C9E3-A733-4FE6-B2A5-927CD48A791E}.Debug|Any CPU.ActiveCfg = Debug|Any CPU
		{C541C9E3-A733-4FE6-B2A5-927CD48A791E}.Debug|Any CPU.Build.0 = Debug|Any CPU
		{C541C9E3-A733-4FE6-B2A5-927CD48A791E}.Release|Any CPU.ActiveCfg = Release|Any CPU
		{C541C9E3-A733-4FE6-B2A5-927CD48A791E}.Release|Any CPU.Build.0 = Release|Any CPU
	EndGlobalSection
	GlobalSection(SolutionProperties) = preSolution
		HideSolutionNode = FALSE
	EndGlobalSection
	GlobalSection(ExtensibilityGlobals) = postSolution
		SolutionGuid = {947FF7FA-5FE8-4121-B7A4-13B852391DC0}
	EndGlobalSection
EndGlobal
